// !$*UTF8*$!
{
	archiveVersion = 1;
	classes = {
	};
	objectVersion = 77;
	objects = {

/* Begin PBXContainerItemProxy section */
		E0F8B4692EE89F74008758FD /* PBXContainerItemProxy */ = {
			isa = PBXContainerItemProxy;
			containerPortal = E0F8B4512EE89F74008758FD /* Project object */;
			proxyType = 1;
			remoteGlobalIDString = E0F8B4582EE89F74008758FD;
			remoteInfo = MyGymTracker;
		};
		E0F8B4732EE89F74008758FD /* PBXContainerItemProxy */ = {
			isa = PBXContainerItemProxy;
			containerPortal = E0F8B4512EE89F74008758FD /* Project object */;
			proxyType = 1;
			remoteGlobalIDString = E0F8B4582EE89F74008758FD;
			remoteInfo = MyGymTracker;
		};
/* End PBXContainerItemProxy section */

/* Begin PBXFileReference section */
		E0F8B4592EE89F74008758FD /* MyGymTracker.app */ = {isa = PBXFileReference; explicitFileType = wrapper.application; includeInIndex = 0; path = MyGymTracker.app; sourceTree = BUILT_PRODUCTS_DIR; };
		E0F8B4682EE89F74008758FD /* MyGymTrackerTests.xctest */ = {isa = PBXFileReference; explicitFileType = wrapper.cfbundle; includeInIndex = 0; path = MyGymTrackerTests.xctest; sourceTree = BUILT_PRODUCTS_DIR; };
		E0F8B4722EE89F74008758FD /* MyGymTrackerUITests.xctest */ = {isa = PBXFileReference; explicitFileType = wrapper.cfbundle; includeInIndex = 0; path = MyGymTrackerUITests.xctest; sourceTree = BUILT_PRODUCTS_DIR; };
/* End PBXFileReference section */

/* Begin PBXFileSystemSynchronizedBuildFileExceptionSet section */
		E0F8B4A72EE8A158008758FD /* Exceptions for "MyGymTracker" folder in "MyGymTracker" target */ = {
			isa = PBXFileSystemSynchronizedBuildFileExceptionSet;
			membershipExceptions = (
				Assets.xcassets,
				ContentView.swift,
				Item.swift,
				Models/Exercise.swift,
				Models/Serie.swift,
				Models/Session.swift,
				Models/SessionExercise.swift,
				MyGymTrackerApp.swift,
				Views/Calendar/CalendarView.swift,
				Views/Exercises/ExerciseFormView.swift,
				Views/Exercises/ExerciseListView.swift,
				Views/Import/ImportView.swift,
				Views/Sessions/ExerciseCardView.swift,
				Views/Sessions/SerieCard.swift,
				Views/Sessions/SessionDetailView.swift,
				Views/Sessions/SessionExerciseRow.swift,
				Views/Sessions/SessionFormView.swift,
				Views/Sessions/SessionListView.swift,
				Views/Sessions/TemplatesListView.swift,
				"Views/View+SerieField.swift",
			);
			target = E0F8B4582EE89F74008758FD /* MyGymTracker */;
		};
		E0F8B4A82EE8A158008758FD /* Exceptions for "MyGymTracker" folder in "MyGymTrackerUITests" target */ = {
			isa = PBXFileSystemSynchronizedBuildFileExceptionSet;
			membershipExceptions = (
				Assets.xcassets,
				ContentView.swift,
				Item.swift,
				Models/Exercise.swift,
				Models/Serie.swift,
				Models/Session.swift,
				Models/SessionExercise.swift,
				MyGymTrackerApp.swift,
				Views/Calendar/CalendarView.swift,
				Views/Exercises/ExerciseFormView.swift,
				Views/Exercises/ExerciseListView.swift,
				Views/Import/ImportView.swift,
				Views/Sessions/ExerciseCardView.swift,
				Views/Sessions/SerieCard.swift,
				Views/Sessions/SessionDetailView.swift,
				Views/Sessions/SessionExerciseRow.swift,
				Views/Sessions/SessionFormView.swift,
				Views/Sessions/SessionListView.swift,
				Views/Sessions/TemplatesListView.swift,
				"Views/View+SerieField.swift",
			);
			target = E0F8B4712EE89F74008758FD /* MyGymTrackerUITests */;
		};
/* End PBXFileSystemSynchronizedBuildFileExceptionSet section */

/* Begin PBXFileSystemSynchronizedRootGroup section */
		E0F8B46B2EE89F74008758FD /* MyGymTrackerTests */ = {
			isa = PBXFileSystemSynchronizedRootGroup;
			path = MyGymTrackerTests;
			sourceTree = "<group>";
		};
		E0F8B4752EE89F74008758FD /* MyGymTrackerUITests */ = {
			isa = PBXFileSystemSynchronizedRootGroup;
			path = MyGymTrackerUITests;
			sourceTree = "<group>";
		};
		E0F8B4A22EE8A158008758FD /* MyGymTracker */ = {
			isa = PBXFileSystemSynchronizedRootGroup;
			exceptions = (
				E0F8B4A72EE8A158008758FD /* Exceptions for "MyGymTracker" folder in "MyGymTracker" target */,
				E0F8B4A82EE8A158008758FD /* Exceptions for "MyGymTracker" folder in "MyGymTrackerUITests" target */,
			);
			path = MyGymTracker;
			sourceTree = "<group>";
		};
/* End PBXFileSystemSynchronizedRootGroup section */

/* Begin PBXFrameworksBuildPhase section */
		E0F8B4562EE89F74008758FD /* Frameworks */ = {
			isa = PBXFrameworksBuildPhase;
			buildActionMask = 2147483647;
			files = (
			);
			runOnlyForDeploymentPostprocessing = 0;
		};
		E0F8B4652EE89F74008758FD /* Frameworks */ = {
			isa = PBXFrameworksBuildPhase;
			buildActionMask = 2147483647;
			files = (
			);
			runOnlyForDeploymentPostprocessing = 0;
		};
		E0F8B46F2EE89F74008758FD /* Frameworks */ = {
			isa = PBXFrameworksBuildPhase;
			buildActionMask = 2147483647;
			files = (
			);
			runOnlyForDeploymentPostprocessing = 0;
		};
/* End PBXFrameworksBuildPhase section */

/* Begin PBXGroup section */
		E0F8B4502EE89F74008758FD = {
			isa = PBXGroup;
			children = (
				E0F8B46B2EE89F74008758FD /* MyGymTrackerTests */,
				E0F8B4752EE89F74008758FD /* MyGymTrackerUITests */,
				E0F8B45A2EE89F74008758FD /* Products */,
				E0F8B4A22EE8A158008758FD /* MyGymTracker */,
			);
			sourceTree = "<group>";
		};
		E0F8B45A2EE89F74008758FD /* Products */ = {
			isa = PBXGroup;
			children = (
				E0F8B4592EE89F74008758FD /* MyGymTracker.app */,
				E0F8B4682EE89F74008758FD /* MyGymTrackerTests.xctest */,
				E0F8B4722EE89F74008758FD /* MyGymTrackerUITests.xctest */,
			);
			name = Products;
			sourceTree = "<group>";
		};
/* End PBXGroup section */

/* Begin PBXNativeTarget section */
		E0F8B4582EE89F74008758FD /* MyGymTracker */ = {
			isa = PBXNativeTarget;
			buildConfigurationList = E0F8B47C2EE89F74008758FD /* Build configuration list for PBXNativeTarget "MyGymTracker" */;
			buildPhases = (
				E0F8B4552EE89F74008758FD /* Sources */,
				E0F8B4562EE89F74008758FD /* Frameworks */,
				E0F8B4572EE89F74008758FD /* Resources */,
			);
			buildRules = (
			);
			dependencies = (
			);
			name = MyGymTracker;
			packageProductDependencies = (
			);
			productName = MyGymTracker;
			productReference = E0F8B4592EE89F74008758FD /* MyGymTracker.app */;
			productType = "com.apple.product-type.application";
		};
		E0F8B4672EE89F74008758FD /* MyGymTrackerTests */ = {
			isa = PBXNativeTarget;
			buildConfigurationList = E0F8B47F2EE89F74008758FD /* Build configuration list for PBXNativeTarget "MyGymTrackerTests" */;
			buildPhases = (
				E0F8B4642EE89F74008758FD /* Sources */,
				E0F8B4652EE89F74008758FD /* Frameworks */,
				E0F8B4662EE89F74008758FD /* Resources */,
			);
			buildRules = (
			);
			dependencies = (
				E0F8B46A2EE89F74008758FD /* PBXTargetDependency */,
			);
			fileSystemSynchronizedGroups = (
				E0F8B46B2EE89F74008758FD /* MyGymTrackerTests */,
			);
			name = MyGymTrackerTests;
			packageProductDependencies = (
			);
			productName = MyGymTrackerTests;
			productReference = E0F8B4682EE89F74008758FD /* MyGymTrackerTests.xctest */;
			productType = "com.apple.product-type.bundle.unit-test";
		};
		E0F8B4712EE89F74008758FD /* MyGymTrackerUITests */ = {
			isa = PBXNativeTarget;
			buildConfigurationList = E0F8B4822EE89F74008758FD /* Build configuration list for PBXNativeTarget "MyGymTrackerUITests" */;
			buildPhases = (
				E0F8B46E2EE89F74008758FD /* Sources */,
				E0F8B46F2EE89F74008758FD /* Frameworks */,
				E0F8B4702EE89F74008758FD /* Resources */,
			);
			buildRules = (
			);
			dependencies = (
				E0F8B4742EE89F74008758FD /* PBXTargetDependency */,
			);
			fileSystemSynchronizedGroups = (
				E0F8B4752EE89F74008758FD /* MyGymTrackerUITests */,
				E0F8B4A22EE8A158008758FD /* MyGymTracker */,
			);
			name = MyGymTrackerUITests;
			packageProductDependencies = (
			);
			productName = MyGymTrackerUITests;
			productReference = E0F8B4722EE89F74008758FD /* MyGymTrackerUITests.xctest */;
			productType = "com.apple.product-type.bundle.ui-testing";
		};
/* End PBXNativeTarget section */

/* Begin PBXProject section */
		E0F8B4512EE89F74008758FD /* Project object */ = {
			isa = PBXProject;
			attributes = {
				BuildIndependentTargetsInParallel = 1;
				LastSwiftUpdateCheck = 2610;
				LastUpgradeCheck = 2610;
				TargetAttributes = {
					E0F8B4582EE89F74008758FD = {
						CreatedOnToolsVersion = 26.1.1;
					};
					E0F8B4672EE89F74008758FD = {
						CreatedOnToolsVersion = 26.1.1;
						TestTargetID = E0F8B4582EE89F74008758FD;
					};
					E0F8B4712EE89F74008758FD = {
						CreatedOnToolsVersion = 26.1.1;
						TestTargetID = E0F8B4582EE89F74008758FD;
					};
				};
			};
			buildConfigurationList = E0F8B4542EE89F74008758FD /* Build configuration list for PBXProject "MyGymTracker" */;
			developmentRegion = en;
			hasScannedForEncodings = 0;
			knownRegions = (
				en,
				Base,
			);
			mainGroup = E0F8B4502EE89F74008758FD;
			minimizedProjectReferenceProxies = 1;
			preferredProjectObjectVersion = 77;
			productRefGroup = E0F8B45A2EE89F74008758FD /* Products */;
			projectDirPath = "";
			projectRoot = "";
			targets = (
				E0F8B4582EE89F74008758FD /* MyGymTracker */,
				E0F8B4672EE89F74008758FD /* MyGymTrackerTests */,
				E0F8B4712EE89F74008758FD /* MyGymTrackerUITests */,
			);
		};
/* End PBXProject section */

/* Begin PBXResourcesBuildPhase section */
		E0F8B4572EE89F74008758FD /* Resources */ = {
			isa = PBXResourcesBuildPhase;
			buildActionMask = 2147483647;
			files = (
			);
			runOnlyForDeploymentPostprocessing = 0;
		};
		E0F8B4662EE89F74008758FD /* Resources */ = {
			isa = PBXResourcesBuildPhase;
			buildActionMask = 2147483647;
			files = (
			);
			runOnlyForDeploymentPostprocessing = 0;
		};
		E0F8B4702EE89F74008758FD /* Resources */ = {
			isa = PBXResourcesBuildPhase;
			buildActionMask = 2147483647;
			files = (
			);
			runOnlyForDeploymentPostprocessing = 0;
		};
/* End PBXResourcesBuildPhase section */

/* Begin PBXSourcesBuildPhase section */
		E0F8B4552EE89F74008758FD /* Sources */ = {
			isa = PBXSourcesBuildPhase;
			buildActionMask = 2147483647;
			files = (
			);
			runOnlyForDeploymentPostprocessing = 0;
		};
		E0F8B4642EE89F74008758FD /* Sources */ = {
			isa = PBXSourcesBuildPhase;
			buildActionMask = 2147483647;
			files = (
			);
			runOnlyForDeploymentPostprocessing = 0;
		};
		E0F8B46E2EE89F74008758FD /* Sources */ = {
			isa = PBXSourcesBuildPhase;
			buildActionMask = 2147483647;
			files = (
			);
			runOnlyForDeploymentPostprocessing = 0;
		};
/* End PBXSourcesBuildPhase section */

/* Begin PBXTargetDependency section */
		E0F8B46A2EE89F74008758FD /* PBXTargetDependency */ = {
			isa = PBXTargetDependency;
			target = E0F8B4582EE89F74008758FD /* MyGymTracker */;
			targetProxy = E0F8B4692EE89F74008758FD /* PBXContainerItemProxy */;
		};
		E0F8B4742EE89F74008758FD /* PBXTargetDependency */ = {
			isa = PBXTargetDependency;
			target = E0F8B4582EE89F74008758FD /* MyGymTracker */;
			targetProxy = E0F8B4732EE89F74008758FD /* PBXContainerItemProxy */;
		};
/* End PBXTargetDependency section */

/* Begin XCBuildConfiguration section */
		E0F8B47A2EE89F74008758FD /* Debug */ = {
			isa = XCBuildConfiguration;
			buildSettings = {
				ALWAYS_SEARCH_USER_PATHS = NO;
				ASSETCATALOG_COMPILER_GENERATE_SWIFT_ASSET_SYMBOL_EXTENSIONS = YES;
				CLANG_ANALYZER_NONNULL = YES;
				CLANG_ANALYZER_NUMBER_OBJECT_CONVERSION = YES_AGGRESSIVE;
				CLANG_CXX_LANGUAGE_STANDARD = "gnu++20";
				CLANG_ENABLE_MODULES = YES;
				CLANG_ENABLE_OBJC_ARC = YES;
				CLANG_ENABLE_OBJC_WEAK = YES;
				CLANG_WARN_BLOCK_CAPTURE_AUTORELEASING = YES;
				CLANG_WARN_BOOL_CONVERSION = YES;
				CLANG_WARN_COMMA = YES;
				CLANG_WARN_CONSTANT_CONVERSION = YES;
				CLANG_WARN_DEPRECATED_OBJC_IMPLEMENTATIONS = YES;
				CLANG_WARN_DIRECT_OBJC_ISA_USAGE = YES_ERROR;
				CLANG_WARN_DOCUMENTATION_COMMENTS = YES;
				CLANG_WARN_EMPTY_BODY = YES;
				CLANG_WARN_ENUM_CONVERSION = YES;
				CLANG_WARN_INFINITE_RECURSION = YES;
				CLANG_WARN_INT_CONVERSION = YES;
				CLANG_WARN_NON_LITERAL_NULL_CONVERSION = YES;
				CLANG_WARN_OBJC_IMPLICIT_RETAIN_SELF = YES;
				CLANG_WARN_OBJC_LITERAL_CONVERSION = YES;
				CLANG_WARN_OBJC_ROOT_CLASS = YES_ERROR;
				CLANG_WARN_QUOTED_INCLUDE_IN_FRAMEWORK_HEADER = YES;
				CLANG_WARN_RANGE_LOOP_ANALYSIS = YES;
				CLANG_WARN_STRICT_PROTOTYPES = YES;
				CLANG_WARN_SUSPICIOUS_MOVE = YES;
				CLANG_WARN_UNGUARDED_AVAILABILITY = YES_AGGRESSIVE;
				CLANG_WARN_UNREACHABLE_CODE = YES;
				CLANG_WARN__DUPLICATE_METHOD_MATCH = YES;
				COPY_PHASE_STRIP = NO;
				DEBUG_INFORMATION_FORMAT = dwarf;
				DEVELOPMENT_TEAM = 49Y9N7XYJA;
				ENABLE_STRICT_OBJC_MSGSEND = YES;
				ENABLE_TESTABILITY = YES;
				ENABLE_USER_SCRIPT_SANDBOXING = YES;
				GCC_C_LANGUAGE_STANDARD = gnu17;
				GCC_DYNAMIC_NO_PIC = NO;
				GCC_NO_COMMON_BLOCKS = YES;
				GCC_OPTIMIZATION_LEVEL = 0;
				GCC_PREPROCESSOR_DEFINITIONS = (
					"DEBUG=1",
					"$(inherited)",
				);
				GCC_WARN_64_TO_32_BIT_CONVERSION = YES;
				GCC_WARN_ABOUT_RETURN_TYPE = YES_ERROR;
				GCC_WARN_UNDECLARED_SELECTOR = YES;
				GCC_WARN_UNINITIALIZED_AUTOS = YES_AGGRESSIVE;
				GCC_WARN_UNUSED_FUNCTION = YES;
				GCC_WARN_UNUSED_VARIABLE = YES;
				LOCALIZATION_PREFERS_STRING_CATALOGS = YES;
				MTL_ENABLE_DEBUG_INFO = INCLUDE_SOURCE;
				MTL_FAST_MATH = YES;
				ONLY_ACTIVE_ARCH = YES;
				SWIFT_ACTIVE_COMPILATION_CONDITIONS = "DEBUG $(inherited)";
				SWIFT_OPTIMIZATION_LEVEL = "-Onone";
			};
			name = Debug;
		};
		E0F8B47B2EE89F74008758FD /* Release */ = {
			isa = XCBuildConfiguration;
			buildSettings = {
				ALWAYS_SEARCH_USER_PATHS = NO;
				ASSETCATALOG_COMPILER_GENERATE_SWIFT_ASSET_SYMBOL_EXTENSIONS = YES;
				CLANG_ANALYZER_NONNULL = YES;
				CLANG_ANALYZER_NUMBER_OBJECT_CONVERSION = YES_AGGRESSIVE;
				CLANG_CXX_LANGUAGE_STANDARD = "gnu++20";
				CLANG_ENABLE_MODULES = YES;
				CLANG_ENABLE_OBJC_ARC = YES;
				CLANG_ENABLE_OBJC_WEAK = YES;
				CLANG_WARN_BLOCK_CAPTURE_AUTORELEASING = YES;
				CLANG_WARN_BOOL_CONVERSION = YES;
				CLANG_WARN_COMMA = YES;
				CLANG_WARN_CONSTANT_CONVERSION = YES;
				CLANG_WARN_DEPRECATED_OBJC_IMPLEMENTATIONS = YES;
				CLANG_WARN_DIRECT_OBJC_ISA_USAGE = YES_ERROR;
				CLANG_WARN_DOCUMENTATION_COMMENTS = YES;
				CLANG_WARN_EMPTY_BODY = YES;
				CLANG_WARN_ENUM_CONVERSION = YES;
				CLANG_WARN_INFINITE_RECURSION = YES;
				CLANG_WARN_INT_CONVERSION = YES;
				CLANG_WARN_NON_LITERAL_NULL_CONVERSION = YES;
				CLANG_WARN_OBJC_IMPLICIT_RETAIN_SELF = YES;
				CLANG_WARN_OBJC_LITERAL_CONVERSION = YES;
				CLANG_WARN_OBJC_ROOT_CLASS = YES_ERROR;
				CLANG_WARN_QUOTED_INCLUDE_IN_FRAMEWORK_HEADER = YES;
				CLANG_WARN_RANGE_LOOP_ANALYSIS = YES;
				CLANG_WARN_STRICT_PROTOTYPES = YES;
				CLANG_WARN_SUSPICIOUS_MOVE = YES;
				CLANG_WARN_UNGUARDED_AVAILABILITY = YES_AGGRESSIVE;
				CLANG_WARN_UNREACHABLE_CODE = YES;
				CLANG_WARN__DUPLICATE_METHOD_MATCH = YES;
				COPY_PHASE_STRIP = NO;
				DEBUG_INFORMATION_FORMAT = "dwarf-with-dsym";
				DEVELOPMENT_TEAM = 49Y9N7XYJA;
				ENABLE_NS_ASSERTIONS = NO;
				ENABLE_STRICT_OBJC_MSGSEND = YES;
				ENABLE_USER_SCRIPT_SANDBOXING = YES;
				GCC_C_LANGUAGE_STANDARD = gnu17;
				GCC_NO_COMMON_BLOCKS = YES;
				GCC_WARN_64_TO_32_BIT_CONVERSION = YES;
				GCC_WARN_ABOUT_RETURN_TYPE = YES_ERROR;
				GCC_WARN_UNDECLARED_SELECTOR = YES;
				GCC_WARN_UNINITIALIZED_AUTOS = YES_AGGRESSIVE;
				GCC_WARN_UNUSED_FUNCTION = YES;
				GCC_WARN_UNUSED_VARIABLE = YES;
				LOCALIZATION_PREFERS_STRING_CATALOGS = YES;
				MTL_ENABLE_DEBUG_INFO = NO;
				MTL_FAST_MATH = YES;
				SWIFT_COMPILATION_MODE = wholemodule;
			};
			name = Release;
		};
		E0F8B47D2EE89F74008758FD /* Debug */ = {
			isa = XCBuildConfiguration;
			buildSettings = {
				ASSETCATALOG_COMPILER_APPICON_NAME = AppIcon;
				ASSETCATALOG_COMPILER_GLOBAL_ACCENT_COLOR_NAME = AccentColor;
				ASSETCATALOG_COMPILER_INCLUDE_ALL_APPICON_ASSETS = YES;
				CODE_SIGN_STYLE = Automatic;
				CURRENT_PROJECT_VERSION = 1;
				DEVELOPMENT_TEAM = 49Y9N7XYJA;
				ENABLE_APP_SANDBOX = YES;
				ENABLE_HARDENED_RUNTIME = YES;
				ENABLE_PREVIEWS = YES;
				ENABLE_USER_SELECTED_FILES = readonly;
				GENERATE_INFOPLIST_FILE = YES;
				"INFOPLIST_KEY_UIApplicationSceneManifest_Generation[sdk=iphoneos*]" = YES;
				"INFOPLIST_KEY_UIApplicationSceneManifest_Generation[sdk=iphonesimulator*]" = YES;
				"INFOPLIST_KEY_UIApplicationSupportsIndirectInputEvents[sdk=iphoneos*]" = YES;
				"INFOPLIST_KEY_UIApplicationSupportsIndirectInputEvents[sdk=iphonesimulator*]" = YES;
				"INFOPLIST_KEY_UILaunchScreen_Generation[sdk=iphoneos*]" = YES;
				"INFOPLIST_KEY_UILaunchScreen_Generation[sdk=iphonesimulator*]" = YES;
				"INFOPLIST_KEY_UIStatusBarStyle[sdk=iphoneos*]" = UIStatusBarStyleDefault;
				"INFOPLIST_KEY_UIStatusBarStyle[sdk=iphonesimulator*]" = UIStatusBarStyleDefault;
				INFOPLIST_KEY_UISupportedInterfaceOrientations_iPad = "UIInterfaceOrientationPortrait UIInterfaceOrientationPortraitUpsideDown UIInterfaceOrientationLandscapeLeft UIInterfaceOrientationLandscapeRight";
				INFOPLIST_KEY_UISupportedInterfaceOrientations_iPhone = "UIInterfaceOrientationPortrait UIInterfaceOrientationLandscapeLeft UIInterfaceOrientationLandscapeRight";
				IPHONEOS_DEPLOYMENT_TARGET = 26.1;
				LD_RUNPATH_SEARCH_PATHS = "@executable_path/Frameworks";
				"LD_RUNPATH_SEARCH_PATHS[sdk=macosx*]" = "@executable_path/../Frameworks";
				MACOSX_DEPLOYMENT_TARGET = 26.1;
				MARKETING_VERSION = 1.0;
				PRODUCT_BUNDLE_IDENTIFIER = ronicairo.MyGymTracker;
				PRODUCT_NAME = "$(TARGET_NAME)";
				REGISTER_APP_GROUPS = YES;
				SDKROOT = auto;
				STRING_CATALOG_GENERATE_SYMBOLS = YES;
				SUPPORTED_PLATFORMS = "iphoneos iphonesimulator macosx xros xrsimulator";
				SWIFT_APPROACHABLE_CONCURRENCY = YES;
				SWIFT_DEFAULT_ACTOR_ISOLATION = MainActor;
				SWIFT_EMIT_LOC_STRINGS = YES;
				SWIFT_UPCOMING_FEATURE_MEMBER_IMPORT_VISIBILITY = YES;
				SWIFT_VERSION = 5.0;
				TARGETED_DEVICE_FAMILY = "1,2,7";
				XROS_DEPLOYMENT_TARGET = 26.1;
			};
			name = Debug;
		};
		E0F8B47E2EE89F74008758FD /* Release */ = {
			isa = XCBuildConfiguration;
			buildSettings = {
				ASSETCATALOG_COMPILER_APPICON_NAME = AppIcon;
				ASSETCATALOG_COMPILER_GLOBAL_ACCENT_COLOR_NAME = AccentColor;
				ASSETCATALOG_COMPILER_INCLUDE_ALL_APPICON_ASSETS = YES;
				CODE_SIGN_STYLE = Automatic;
				CURRENT_PROJECT_VERSION = 1;
				DEVELOPMENT_TEAM = 49Y9N7XYJA;
				ENABLE_APP_SANDBOX = YES;
				ENABLE_HARDENED_RUNTIME = YES;
				ENABLE_PREVIEWS = YES;
				ENABLE_USER_SELECTED_FILES = readonly;
				GENERATE_INFOPLIST_FILE = YES;
				"INFOPLIST_KEY_UIApplicationSceneManifest_Generation[sdk=iphoneos*]" = YES;
				"INFOPLIST_KEY_UIApplicationSceneManifest_Generation[sdk=iphonesimulator*]" = YES;
				"INFOPLIST_KEY_UIApplicationSupportsIndirectInputEvents[sdk=iphoneos*]" = YES;
				"INFOPLIST_KEY_UIApplicationSupportsIndirectInputEvents[sdk=iphonesimulator*]" = YES;
				"INFOPLIST_KEY_UILaunchScreen_Generation[sdk=iphoneos*]" = YES;
				"INFOPLIST_KEY_UILaunchScreen_Generation[sdk=iphonesimulator*]" = YES;
				"INFOPLIST_KEY_UIStatusBarStyle[sdk=iphoneos*]" = UIStatusBarStyleDefault;
				"INFOPLIST_KEY_UIStatusBarStyle[sdk=iphonesimulator*]" = UIStatusBarStyleDefault;
				INFOPLIST_KEY_UISupportedInterfaceOrientations_iPad = "UIInterfaceOrientationPortrait UIInterfaceOrientationPortraitUpsideDown UIInterfaceOrientationLandscapeLeft UIInterfaceOrientationLandscapeRight";
				INFOPLIST_KEY_UISupportedInterfaceOrientations_iPhone = "UIInterfaceOrientationPortrait UIInterfaceOrientationLandscapeLeft UIInterfaceOrientationLandscapeRight";
				IPHONEOS_DEPLOYMENT_TARGET = 26.1;
				LD_RUNPATH_SEARCH_PATHS = "@executable_path/Frameworks";
				"LD_RUNPATH_SEARCH_PATHS[sdk=macosx*]" = "@executable_path/../Frameworks";
				MACOSX_DEPLOYMENT_TARGET = 26.1;
				MARKETING_VERSION = 1.0;
				PRODUCT_BUNDLE_IDENTIFIER = ronicairo.MyGymTracker;
				PRODUCT_NAME = "$(TARGET_NAME)";
				REGISTER_APP_GROUPS = YES;
				SDKROOT = auto;
				STRING_CATALOG_GENERATE_SYMBOLS = YES;
				SUPPORTED_PLATFORMS = "iphoneos iphonesimulator macosx xros xrsimulator";
				SWIFT_APPROACHABLE_CONCURRENCY = YES;
				SWIFT_DEFAULT_ACTOR_ISOLATION = MainActor;
				SWIFT_EMIT_LOC_STRINGS = YES;
				SWIFT_UPCOMING_FEATURE_MEMBER_IMPORT_VISIBILITY = YES;
				SWIFT_VERSION = 5.0;
				TARGETED_DEVICE_FAMILY = "1,2,7";
				XROS_DEPLOYMENT_TARGET = 26.1;
			};
			name = Release;
		};
		E0F8B4802EE89F74008758FD /* Debug */ = {
			isa = XCBuildConfiguration;
			buildSettings = {
				BUNDLE_LOADER = "$(TEST_HOST)";
				CODE_SIGN_STYLE = Automatic;
				CURRENT_PROJECT_VERSION = 1;
				DEVELOPMENT_TEAM = 49Y9N7XYJA;
				GENERATE_INFOPLIST_FILE = YES;
				IPHONEOS_DEPLOYMENT_TARGET = 26.1;
				MACOSX_DEPLOYMENT_TARGET = 26.1;
				MARKETING_VERSION = 1.0;
				PRODUCT_BUNDLE_IDENTIFIER = ronicairo.MyGymTrackerTests;
				PRODUCT_NAME = "$(TARGET_NAME)";
				SDKROOT = auto;
				STRING_CATALOG_GENERATE_SYMBOLS = NO;
				SUPPORTED_PLATFORMS = "iphoneos iphonesimulator macosx xros xrsimulator";
				SWIFT_APPROACHABLE_CONCURRENCY = YES;
				SWIFT_EMIT_LOC_STRINGS = NO;
				SWIFT_UPCOMING_FEATURE_MEMBER_IMPORT_VISIBILITY = YES;
				SWIFT_VERSION = 5.0;
				TARGETED_DEVICE_FAMILY = "1,2,7";
				TEST_HOST = "$(BUILT_PRODUCTS_DIR)/MyGymTracker.app/$(BUNDLE_EXECUTABLE_FOLDER_PATH)/MyGymTracker";
				XROS_DEPLOYMENT_TARGET = 26.1;
			};
			name = Debug;
		};
		E0F8B4812EE89F74008758FD /* Release */ = {
			isa = XCBuildConfiguration;
			buildSettings = {
				BUNDLE_LOADER = "$(TEST_HOST)";
				CODE_SIGN_STYLE = Automatic;
				CURRENT_PROJECT_VERSION = 1;
				DEVELOPMENT_TEAM = 49Y9N7XYJA;
				GENERATE_INFOPLIST_FILE = YES;
				IPHONEOS_DEPLOYMENT_TARGET = 26.1;
				MACOSX_DEPLOYMENT_TARGET = 26.1;
				MARKETING_VERSION = 1.0;
				PRODUCT_BUNDLE_IDENTIFIER = ronicairo.MyGymTrackerTests;
				PRODUCT_NAME = "$(TARGET_NAME)";
				SDKROOT = auto;
				STRING_CATALOG_GENERATE_SYMBOLS = NO;
				SUPPORTED_PLATFORMS = "iphoneos iphonesimulator macosx xros xrsimulator";
				SWIFT_APPROACHABLE_CONCURRENCY = YES;
				SWIFT_EMIT_LOC_STRINGS = NO;
				SWIFT_UPCOMING_FEATURE_MEMBER_IMPORT_VISIBILITY = YES;
				SWIFT_VERSION = 5.0;
				TARGETED_DEVICE_FAMILY = "1,2,7";
				TEST_HOST = "$(BUILT_PRODUCTS_DIR)/MyGymTracker.app/$(BUNDLE_EXECUTABLE_FOLDER_PATH)/MyGymTracker";
				XROS_DEPLOYMENT_TARGET = 26.1;
			};
			name = Release;
		};
		E0F8B4832EE89F74008758FD /* Debug */ = {
			isa = XCBuildConfiguration;
			buildSettings = {
				CODE_SIGN_STYLE = Automatic;
				CURRENT_PROJECT_VERSION = 1;
				DEVELOPMENT_TEAM = 49Y9N7XYJA;
				GENERATE_INFOPLIST_FILE = YES;
				IPHONEOS_DEPLOYMENT_TARGET = 26.1;
				MACOSX_DEPLOYMENT_TARGET = 26.1;
				MARKETING_VERSION = 1.0;
				PRODUCT_BUNDLE_IDENTIFIER = ronicairo.MyGymTrackerUITests;
				PRODUCT_NAME = "$(TARGET_NAME)";
				SDKROOT = auto;
				STRING_CATALOG_GENERATE_SYMBOLS = NO;
				SUPPORTED_PLATFORMS = "iphoneos iphonesimulator macosx xros xrsimulator";
				SWIFT_APPROACHABLE_CONCURRENCY = YES;
				SWIFT_EMIT_LOC_STRINGS = NO;
				SWIFT_UPCOMING_FEATURE_MEMBER_IMPORT_VISIBILITY = YES;
				SWIFT_VERSION = 5.0;
				TARGETED_DEVICE_FAMILY = "1,2,7";
				TEST_TARGET_NAME = MyGymTracker;
				XROS_DEPLOYMENT_TARGET = 26.1;
			};
			name = Debug;
		};
		E0F8B4842EE89F74008758FD /* Release */ = {
			isa = XCBuildConfiguration;
			buildSettings = {
				CODE_SIGN_STYLE = Automatic;
				CURRENT_PROJECT_VERSION = 1;
				DEVELOPMENT_TEAM = 49Y9N7XYJA;
				GENERATE_INFOPLIST_FILE = YES;
				IPHONEOS_DEPLOYMENT_TARGET = 26.1;
				MACOSX_DEPLOYMENT_TARGET = 26.1;
				MARKETING_VERSION = 1.0;
				PRODUCT_BUNDLE_IDENTIFIER = ronicairo.MyGymTrackerUITests;
				PRODUCT_NAME = "$(TARGET_NAME)";
				SDKROOT = auto;
				STRING_CATALOG_GENERATE_SYMBOLS = NO;
				SUPPORTED_PLATFORMS = "iphoneos iphonesimulator macosx xros xrsimulator";
				SWIFT_APPROACHABLE_CONCURRENCY = YES;
				SWIFT_EMIT_LOC_STRINGS = NO;
				SWIFT_UPCOMING_FEATURE_MEMBER_IMPORT_VISIBILITY = YES;
				SWIFT_VERSION = 5.0;
				TARGETED_DEVICE_FAMILY = "1,2,7";
				TEST_TARGET_NAME = MyGymTracker;
				XROS_DEPLOYMENT_TARGET = 26.1;
			};
			name = Release;
		};
/* End XCBuildConfiguration section */

/* Begin XCConfigurationList section */
		E0F8B4542EE89F74008758FD /* Build configuration list for PBXProject "MyGymTracker" */ = {
			isa = XCConfigurationList;
			buildConfigurations = (
				E0F8B47A2EE89F74008758FD /* Debug */,
				E0F8B47B2EE89F74008758FD /* Release */,
			);
			defaultConfigurationIsVisible = 0;
			defaultConfigurationName = Release;
		};
		E0F8B47C2EE89F74008758FD /* Build configuration list for PBXNativeTarget "MyGymTracker" */ = {
			isa = XCConfigurationList;
			buildConfigurations = (
				E0F8B47D2EE89F74008758FD /* Debug */,
				E0F8B47E2EE89F74008758FD /* Release */,
			);
			defaultConfigurationIsVisible = 0;
			defaultConfigurationName = Release;
		};
		E0F8B47F2EE89F74008758FD /* Build configuration list for PBXNativeTarget "MyGymTrackerTests" */ = {
			isa = XCConfigurationList;
			buildConfigurations = (
				E0F8B4802EE89F74008758FD /* Debug */,
				E0F8B4812EE89F74008758FD /* Release */,
			);
			defaultConfigurationIsVisible = 0;
			defaultConfigurationName = Release;
		};
		E0F8B4822EE89F74008758FD /* Build configuration list for PBXNativeTarget "MyGymTrackerUITests" */ = {
			isa = XCConfigurationList;
			buildConfigurations = (
				E0F8B4832EE89F74008758FD /* Debug */,
				E0F8B4842EE89F74008758FD /* Release */,
			);
			defaultConfigurationIsVisible = 0;
			defaultConfigurationName = Release;
		};
/* End XCConfigurationList section */
	};
	rootObject = E0F8B4512EE89F74008758FD /* Project object */;
}
